
Microsoft Visual Studio Solution File, Format Version 12.00
# Visual Studio Version 17
VisualStudioVersion = 17.4.33213.308
MinimumVisualStudioVersion = 10.0.40219.1
Project("{FAE04EC0-301F-11D3-BF4B-00C04F79EFBC}") = "VBAPproj", "VBAPproj\VBAPproj.csproj", "{2FF40550-3098-44D8-BFCD-EC8351EF0ED7}"
EndProject
Global
	GlobalSection(SolutionConfigurationPlatforms) = preSolution
		Debug|Any CPU = Debug|Any CPU
		Release|Any CPU = Release|Any CPU
	EndGlobalSection
	GlobalSection(ProjectConfigurationPlatforms) = postSolution
		{2FF40550-3098-44D8-BFCD-EC8351EF0ED7}.Debug|Any CPU.ActiveCfg = Debug|Any CPU
		{2FF40550-3098-44D8-BFCD-EC8351EF0ED7}.Debug|Any CPU.Build.0 = Debug|Any CPU
		{2FF40550-3098-44D8-BFCD-EC8351EF0ED7}.Release|Any CPU.ActiveCfg = Release|Any CPU
		{2FF40550-3098-44D8-BFCD-EC8351EF0ED7}.Release|Any CPU.Build.0 = Release|Any CPU
	EndGlobalSection
	GlobalSection(SolutionProperties) = preSolution
		HideSolutionNode = FALSE
	EndGlobalSection
	GlobalSection(ExtensibilityGlobals) = postSolution
		SolutionGuid = {612B5556-04CC-44D8-881E-244B4F71DBC0}
	EndGlobalSection
EndGlobal
